// !$*UTF8*$!
{
	archiveVersion = 1;
	classes = {
	};
	objectVersion = 56;
	objects = {

/* Begin PBXBuildFile section */
		2D028C2529853712000A04F5 /* AppDelegate.swift in Sources */ = {isa = PBXBuildFile; fileRef = 2D028C2429853712000A04F5 /* AppDelegate.swift */; };
		2D028C2729853712000A04F5 /* SceneDelegate.swift in Sources */ = {isa = PBXBuildFile; fileRef = 2D028C2629853712000A04F5 /* SceneDelegate.swift */; };
		2D028C2929853712000A04F5 /* RMTabBarController.swift in Sources */ = {isa = PBXBuildFile; fileRef = 2D028C2829853712000A04F5 /* RMTabBarController.swift */; };
		2D028C2E29853714000A04F5 /* Assets.xcassets in Resources */ = {isa = PBXBuildFile; fileRef = 2D028C2D29853714000A04F5 /* Assets.xcassets */; };
		2D028C3129853714000A04F5 /* LaunchScreen.storyboard in Resources */ = {isa = PBXBuildFile; fileRef = 2D028C2F29853714000A04F5 /* LaunchScreen.storyboard */; };
		2D028C4029859EF8000A04F5 /* RMLocation.swift in Sources */ = {isa = PBXBuildFile; fileRef = 2D028C3F29859EF8000A04F5 /* RMLocation.swift */; };
		2D028C4229859F1A000A04F5 /* RMCharacter.swift in Sources */ = {isa = PBXBuildFile; fileRef = 2D028C4129859F1A000A04F5 /* RMCharacter.swift */; };
		2D028C4429859F25000A04F5 /* RMEpisode.swift in Sources */ = {isa = PBXBuildFile; fileRef = 2D028C4329859F25000A04F5 /* RMEpisode.swift */; };
		2D028C4729859FE8000A04F5 /* RMCharacterViewController.swift in Sources */ = {isa = PBXBuildFile; fileRef = 2D028C4629859FE8000A04F5 /* RMCharacterViewController.swift */; };
		2D028C4929859FFC000A04F5 /* RMLocationViewController.swift in Sources */ = {isa = PBXBuildFile; fileRef = 2D028C4829859FFC000A04F5 /* RMLocationViewController.swift */; };
		2D028C4B2985A006000A04F5 /* RMEpisodeViewController.swift in Sources */ = {isa = PBXBuildFile; fileRef = 2D028C4A2985A006000A04F5 /* RMEpisodeViewController.swift */; };
		2D028C4D2985A024000A04F5 /* RMSettingsViewController.swift in Sources */ = {isa = PBXBuildFile; fileRef = 2D028C4C2985A024000A04F5 /* RMSettingsViewController.swift */; };
		2DF6A8272985E5BE00B8CDC8 /* RMService.swift in Sources */ = {isa = PBXBuildFile; fileRef = 2DF6A8262985E5BE00B8CDC8 /* RMService.swift */; };
		2DF6A8292985E5D600B8CDC8 /* RMRequest.swift in Sources */ = {isa = PBXBuildFile; fileRef = 2DF6A8282985E5D600B8CDC8 /* RMRequest.swift */; };
		2DF6A82B2985E6AE00B8CDC8 /* RMEndpoint.swift in Sources */ = {isa = PBXBuildFile; fileRef = 2DF6A82A2985E6AE00B8CDC8 /* RMEndpoint.swift */; };
		2DF6A82D298694B200B8CDC8 /* RMOrigin.swift in Sources */ = {isa = PBXBuildFile; fileRef = 2DF6A82C298694B200B8CDC8 /* RMOrigin.swift */; };
		2DF6A82F2986958100B8CDC8 /* RMSingleLocation.swift in Sources */ = {isa = PBXBuildFile; fileRef = 2DF6A82E2986958100B8CDC8 /* RMSingleLocation.swift */; };
		2DF6A8312986971800B8CDC8 /* RMCharacterStatus.swift in Sources */ = {isa = PBXBuildFile; fileRef = 2DF6A8302986971800B8CDC8 /* RMCharacterStatus.swift */; };
		2DF6A8342986976200B8CDC8 /* RMCharacterGender.swift in Sources */ = {isa = PBXBuildFile; fileRef = 2DF6A8332986976200B8CDC8 /* RMCharacterGender.swift */; };
		2DF6A83829883E8C00B8CDC8 /* RMGetAllCharactersResponse.swift in Sources */ = {isa = PBXBuildFile; fileRef = 2DF6A83729883E8C00B8CDC8 /* RMGetAllCharactersResponse.swift */; };
/* End PBXBuildFile section */

/* Begin PBXFileReference section */
		2D028C2129853712000A04F5 /* RickAndMorty.app */ = {isa = PBXFileReference; explicitFileType = wrapper.application; includeInIndex = 0; path = RickAndMorty.app; sourceTree = BUILT_PRODUCTS_DIR; };
		2D028C2429853712000A04F5 /* AppDelegate.swift */ = {isa = PBXFileReference; lastKnownFileType = sourcecode.swift; path = AppDelegate.swift; sourceTree = "<group>"; };
		2D028C2629853712000A04F5 /* SceneDelegate.swift */ = {isa = PBXFileReference; lastKnownFileType = sourcecode.swift; path = SceneDelegate.swift; sourceTree = "<group>"; };
		2D028C2829853712000A04F5 /* RMTabBarController.swift */ = {isa = PBXFileReference; lastKnownFileType = sourcecode.swift; path = RMTabBarController.swift; sourceTree = "<group>"; };
		2D028C2D29853714000A04F5 /* Assets.xcassets */ = {isa = PBXFileReference; lastKnownFileType = folder.assetcatalog; path = Assets.xcassets; sourceTree = "<group>"; };
		2D028C3029853714000A04F5 /* Base */ = {isa = PBXFileReference; lastKnownFileType = file.storyboard; name = Base; path = Base.lproj/LaunchScreen.storyboard; sourceTree = "<group>"; };
		2D028C3229853714000A04F5 /* Info.plist */ = {isa = PBXFileReference; lastKnownFileType = text.plist.xml; path = Info.plist; sourceTree = "<group>"; };
		2D028C3F29859EF8000A04F5 /* RMLocation.swift */ = {isa = PBXFileReference; lastKnownFileType = sourcecode.swift; path = RMLocation.swift; sourceTree = "<group>"; };
		2D028C4129859F1A000A04F5 /* RMCharacter.swift */ = {isa = PBXFileReference; lastKnownFileType = sourcecode.swift; path = RMCharacter.swift; sourceTree = "<group>"; };
		2D028C4329859F25000A04F5 /* RMEpisode.swift */ = {isa = PBXFileReference; lastKnownFileType = sourcecode.swift; path = RMEpisode.swift; sourceTree = "<group>"; };
		2D028C4629859FE8000A04F5 /* RMCharacterViewController.swift */ = {isa = PBXFileReference; lastKnownFileType = sourcecode.swift; path = RMCharacterViewController.swift; sourceTree = "<group>"; };
		2D028C4829859FFC000A04F5 /* RMLocationViewController.swift */ = {isa = PBXFileReference; lastKnownFileType = sourcecode.swift; path = RMLocationViewController.swift; sourceTree = "<group>"; };
		2D028C4A2985A006000A04F5 /* RMEpisodeViewController.swift */ = {isa = PBXFileReference; lastKnownFileType = sourcecode.swift; path = RMEpisodeViewController.swift; sourceTree = "<group>"; };
		2D028C4C2985A024000A04F5 /* RMSettingsViewController.swift */ = {isa = PBXFileReference; lastKnownFileType = sourcecode.swift; path = RMSettingsViewController.swift; sourceTree = "<group>"; };
		2DF6A8262985E5BE00B8CDC8 /* RMService.swift */ = {isa = PBXFileReference; lastKnownFileType = sourcecode.swift; path = RMService.swift; sourceTree = "<group>"; };
		2DF6A8282985E5D600B8CDC8 /* RMRequest.swift */ = {isa = PBXFileReference; lastKnownFileType = sourcecode.swift; path = RMRequest.swift; sourceTree = "<group>"; };
		2DF6A82A2985E6AE00B8CDC8 /* RMEndpoint.swift */ = {isa = PBXFileReference; lastKnownFileType = sourcecode.swift; path = RMEndpoint.swift; sourceTree = "<group>"; };
		2DF6A82C298694B200B8CDC8 /* RMOrigin.swift */ = {isa = PBXFileReference; lastKnownFileType = sourcecode.swift; path = RMOrigin.swift; sourceTree = "<group>"; };
		2DF6A82E2986958100B8CDC8 /* RMSingleLocation.swift */ = {isa = PBXFileReference; lastKnownFileType = sourcecode.swift; path = RMSingleLocation.swift; sourceTree = "<group>"; };
		2DF6A8302986971800B8CDC8 /* RMCharacterStatus.swift */ = {isa = PBXFileReference; lastKnownFileType = sourcecode.swift; path = RMCharacterStatus.swift; sourceTree = "<group>"; };
		2DF6A8332986976200B8CDC8 /* RMCharacterGender.swift */ = {isa = PBXFileReference; lastKnownFileType = sourcecode.swift; path = RMCharacterGender.swift; sourceTree = "<group>"; };
		2DF6A83729883E8C00B8CDC8 /* RMGetAllCharactersResponse.swift */ = {isa = PBXFileReference; lastKnownFileType = sourcecode.swift; path = RMGetAllCharactersResponse.swift; sourceTree = "<group>"; };
/* End PBXFileReference section */

/* Begin PBXFrameworksBuildPhase section */
		2D028C1E29853712000A04F5 /* Frameworks */ = {
			isa = PBXFrameworksBuildPhase;
			buildActionMask = 2147483647;
			files = (
			);
			runOnlyForDeploymentPostprocessing = 0;
		};
/* End PBXFrameworksBuildPhase section */

/* Begin PBXGroup section */
		2D028C1829853712000A04F5 = {
			isa = PBXGroup;
			children = (
				2D028C2329853712000A04F5 /* RickAndMorty */,
				2D028C2229853712000A04F5 /* Products */,
			);
			sourceTree = "<group>";
		};
		2D028C2229853712000A04F5 /* Products */ = {
			isa = PBXGroup;
			children = (
				2D028C2129853712000A04F5 /* RickAndMorty.app */,
			);
			name = Products;
			sourceTree = "<group>";
		};
		2D028C2329853712000A04F5 /* RickAndMorty */ = {
			isa = PBXGroup;
			children = (
				2D028C3E298581BC000A04F5 /* Resources */,
				2D028C3D298581B7000A04F5 /* Managers */,
				2D028C3C298581B0000A04F5 /* APIClient */,
				2D028C3B29858184000A04F5 /* ViewModels */,
				2D028C3A29858173000A04F5 /* Views */,
				2D028C392985816E000A04F5 /* Models */,
				2D028C382985815D000A04F5 /* Controllers */,
				2D028C3229853714000A04F5 /* Info.plist */,
			);
			path = RickAndMorty;
			sourceTree = "<group>";
		};
		2D028C382985815D000A04F5 /* Controllers */ = {
			isa = PBXGroup;
			children = (
				2D028C4529859F9C000A04F5 /* Core */,
			);
			path = Controllers;
			sourceTree = "<group>";
		};
		2D028C392985816E000A04F5 /* Models */ = {
			isa = PBXGroup;
			children = (
				2DF6A83629883E6100B8CDC8 /* APIResponseTypes */,
				2DF6A83529883E4B00B8CDC8 /* DataTypes */,
			);
			path = Models;
			sourceTree = "<group>";
		};
		2D028C3A29858173000A04F5 /* Views */ = {
			isa = PBXGroup;
			children = (
			);
			path = Views;
			sourceTree = "<group>";
		};
		2D028C3B29858184000A04F5 /* ViewModels */ = {
			isa = PBXGroup;
			children = (
			);
			path = ViewModels;
			sourceTree = "<group>";
		};
		2D028C3C298581B0000A04F5 /* APIClient */ = {
			isa = PBXGroup;
			children = (
				2DF6A8262985E5BE00B8CDC8 /* RMService.swift */,
				2DF6A8282985E5D600B8CDC8 /* RMRequest.swift */,
				2DF6A82A2985E6AE00B8CDC8 /* RMEndpoint.swift */,
			);
			path = APIClient;
			sourceTree = "<group>";
		};
		2D028C3D298581B7000A04F5 /* Managers */ = {
			isa = PBXGroup;
			children = (
			);
			path = Managers;
			sourceTree = "<group>";
		};
		2D028C3E298581BC000A04F5 /* Resources */ = {
			isa = PBXGroup;
			children = (
				2D028C2D29853714000A04F5 /* Assets.xcassets */,
				2D028C2F29853714000A04F5 /* LaunchScreen.storyboard */,
				2D028C2429853712000A04F5 /* AppDelegate.swift */,
				2D028C2629853712000A04F5 /* SceneDelegate.swift */,
			);
			path = Resources;
			sourceTree = "<group>";
		};
		2D028C4529859F9C000A04F5 /* Core */ = {
			isa = PBXGroup;
			children = (
				2D028C2829853712000A04F5 /* RMTabBarController.swift */,
				2D028C4629859FE8000A04F5 /* RMCharacterViewController.swift */,
				2D028C4829859FFC000A04F5 /* RMLocationViewController.swift */,
				2D028C4A2985A006000A04F5 /* RMEpisodeViewController.swift */,
				2D028C4C2985A024000A04F5 /* RMSettingsViewController.swift */,
			);
			path = Core;
			sourceTree = "<group>";
		};
		2DF6A83529883E4B00B8CDC8 /* DataTypes */ = {
			isa = PBXGroup;
			children = (
				2D028C4129859F1A000A04F5 /* RMCharacter.swift */,
				2D028C3F29859EF8000A04F5 /* RMLocation.swift */,
				2D028C4329859F25000A04F5 /* RMEpisode.swift */,
				2DF6A82C298694B200B8CDC8 /* RMOrigin.swift */,
				2DF6A82E2986958100B8CDC8 /* RMSingleLocation.swift */,
				2DF6A8302986971800B8CDC8 /* RMCharacterStatus.swift */,
				2DF6A8332986976200B8CDC8 /* RMCharacterGender.swift */,
			);
			path = DataTypes;
			sourceTree = "<group>";
		};
		2DF6A83629883E6100B8CDC8 /* APIResponseTypes */ = {
			isa = PBXGroup;
			children = (
				2DF6A83729883E8C00B8CDC8 /* RMGetAllCharactersResponse.swift */,
			);
			path = APIResponseTypes;
			sourceTree = "<group>";
		};
/* End PBXGroup section */

/* Begin PBXNativeTarget section */
		2D028C2029853712000A04F5 /* RickAndMorty */ = {
			isa = PBXNativeTarget;
			buildConfigurationList = 2D028C3529853714000A04F5 /* Build configuration list for PBXNativeTarget "RickAndMorty" */;
			buildPhases = (
				2D028C1D29853712000A04F5 /* Sources */,
				2D028C1E29853712000A04F5 /* Frameworks */,
				2D028C1F29853712000A04F5 /* Resources */,
			);
			buildRules = (
			);
			dependencies = (
			);
			name = RickAndMorty;
			productName = RickAndMorty;
			productReference = 2D028C2129853712000A04F5 /* RickAndMorty.app */;
			productType = "com.apple.product-type.application";
		};
/* End PBXNativeTarget section */

/* Begin PBXProject section */
		2D028C1929853712000A04F5 /* Project object */ = {
			isa = PBXProject;
			attributes = {
				BuildIndependentTargetsInParallel = 1;
				LastSwiftUpdateCheck = 1420;
				LastUpgradeCheck = 1420;
				TargetAttributes = {
					2D028C2029853712000A04F5 = {
						CreatedOnToolsVersion = 14.2;
					};
				};
			};
			buildConfigurationList = 2D028C1C29853712000A04F5 /* Build configuration list for PBXProject "RickAndMorty" */;
			compatibilityVersion = "Xcode 14.0";
			developmentRegion = en;
			hasScannedForEncodings = 0;
			knownRegions = (
				en,
				Base,
			);
			mainGroup = 2D028C1829853712000A04F5;
			productRefGroup = 2D028C2229853712000A04F5 /* Products */;
			projectDirPath = "";
			projectRoot = "";
			targets = (
				2D028C2029853712000A04F5 /* RickAndMorty */,
			);
		};
/* End PBXProject section */

/* Begin PBXResourcesBuildPhase section */
		2D028C1F29853712000A04F5 /* Resources */ = {
			isa = PBXResourcesBuildPhase;
			buildActionMask = 2147483647;
			files = (
				2D028C3129853714000A04F5 /* LaunchScreen.storyboard in Resources */,
				2D028C2E29853714000A04F5 /* Assets.xcassets in Resources */,
			);
			runOnlyForDeploymentPostprocessing = 0;
		};
/* End PBXResourcesBuildPhase section */

/* Begin PBXSourcesBuildPhase section */
		2D028C1D29853712000A04F5 /* Sources */ = {
			isa = PBXSourcesBuildPhase;
			buildActionMask = 2147483647;
			files = (
				2DF6A83829883E8C00B8CDC8 /* RMGetAllCharactersResponse.swift in Sources */,
				2DF6A8312986971800B8CDC8 /* RMCharacterStatus.swift in Sources */,
				2DF6A82D298694B200B8CDC8 /* RMOrigin.swift in Sources */,
				2DF6A82F2986958100B8CDC8 /* RMSingleLocation.swift in Sources */,
				2DF6A8342986976200B8CDC8 /* RMCharacterGender.swift in Sources */,
				2D028C4929859FFC000A04F5 /* RMLocationViewController.swift in Sources */,
				2D028C4429859F25000A04F5 /* RMEpisode.swift in Sources */,
				2D028C2929853712000A04F5 /* RMTabBarController.swift in Sources */,
				2D028C4B2985A006000A04F5 /* RMEpisodeViewController.swift in Sources */,
				2D028C2529853712000A04F5 /* AppDelegate.swift in Sources */,
				2D028C2729853712000A04F5 /* SceneDelegate.swift in Sources */,
				2D028C4D2985A024000A04F5 /* RMSettingsViewController.swift in Sources */,
				2DF6A8272985E5BE00B8CDC8 /* RMService.swift in Sources */,
				2D028C4029859EF8000A04F5 /* RMLocation.swift in Sources */,
				2DF6A82B2985E6AE00B8CDC8 /* RMEndpoint.swift in Sources */,
				2D028C4229859F1A000A04F5 /* RMCharacter.swift in Sources */,
				2DF6A8292985E5D600B8CDC8 /* RMRequest.swift in Sources */,
				2D028C4729859FE8000A04F5 /* RMCharacterViewController.swift in Sources */,
			);
			runOnlyForDeploymentPostprocessing = 0;
		};
/* End PBXSourcesBuildPhase section */

/* Begin PBXVariantGroup section */
		2D028C2F29853714000A04F5 /* LaunchScreen.storyboard */ = {
			isa = PBXVariantGroup;
			children = (
				2D028C3029853714000A04F5 /* Base */,
			);
			name = LaunchScreen.storyboard;
			sourceTree = "<group>";
		};
/* End PBXVariantGroup section */

/* Begin XCBuildConfiguration section */
		2D028C3329853714000A04F5 /* Debug */ = {
			isa = XCBuildConfiguration;
			buildSettings = {
				ALWAYS_SEARCH_USER_PATHS = NO;
				CLANG_ANALYZER_NONNULL = YES;
				CLANG_ANALYZER_NUMBER_OBJECT_CONVERSION = YES_AGGRESSIVE;
				CLANG_CXX_LANGUAGE_STANDARD = "gnu++20";
				CLANG_ENABLE_MODULES = YES;
				CLANG_ENABLE_OBJC_ARC = YES;
				CLANG_ENABLE_OBJC_WEAK = YES;
				CLANG_WARN_BLOCK_CAPTURE_AUTORELEASING = YES;
				CLANG_WARN_BOOL_CONVERSION = YES;
				CLANG_WARN_COMMA = YES;
				CLANG_WARN_CONSTANT_CONVERSION = YES;
				CLANG_WARN_DEPRECATED_OBJC_IMPLEMENTATIONS = YES;
				CLANG_WARN_DIRECT_OBJC_ISA_USAGE = YES_ERROR;
				CLANG_WARN_DOCUMENTATION_COMMENTS = YES;
				CLANG_WARN_EMPTY_BODY = YES;
				CLANG_WARN_ENUM_CONVERSION = YES;
				CLANG_WARN_INFINITE_RECURSION = YES;
				CLANG_WARN_INT_CONVERSION = YES;
				CLANG_WARN_NON_LITERAL_NULL_CONVERSION = YES;
				CLANG_WARN_OBJC_IMPLICIT_RETAIN_SELF = YES;
				CLANG_WARN_OBJC_LITERAL_CONVERSION = YES;
				CLANG_WARN_OBJC_ROOT_CLASS = YES_ERROR;
				CLANG_WARN_QUOTED_INCLUDE_IN_FRAMEWORK_HEADER = YES;
				CLANG_WARN_RANGE_LOOP_ANALYSIS = YES;
				CLANG_WARN_STRICT_PROTOTYPES = YES;
				CLANG_WARN_SUSPICIOUS_MOVE = YES;
				CLANG_WARN_UNGUARDED_AVAILABILITY = YES_AGGRESSIVE;
				CLANG_WARN_UNREACHABLE_CODE = YES;
				CLANG_WARN__DUPLICATE_METHOD_MATCH = YES;
				COPY_PHASE_STRIP = NO;
				DEBUG_INFORMATION_FORMAT = dwarf;
				ENABLE_STRICT_OBJC_MSGSEND = YES;
				ENABLE_TESTABILITY = YES;
				GCC_C_LANGUAGE_STANDARD = gnu11;
				GCC_DYNAMIC_NO_PIC = NO;
				GCC_NO_COMMON_BLOCKS = YES;
				GCC_OPTIMIZATION_LEVEL = 0;
				GCC_PREPROCESSOR_DEFINITIONS = (
					"DEBUG=1",
					"$(inherited)",
				);
				GCC_WARN_64_TO_32_BIT_CONVERSION = YES;
				GCC_WARN_ABOUT_RETURN_TYPE = YES_ERROR;
				GCC_WARN_UNDECLARED_SELECTOR = YES;
				GCC_WARN_UNINITIALIZED_AUTOS = YES_AGGRESSIVE;
				GCC_WARN_UNUSED_FUNCTION = YES;
				GCC_WARN_UNUSED_VARIABLE = YES;
				IPHONEOS_DEPLOYMENT_TARGET = 16.2;
				MTL_ENABLE_DEBUG_INFO = INCLUDE_SOURCE;
				MTL_FAST_MATH = YES;
				ONLY_ACTIVE_ARCH = YES;
				SDKROOT = iphoneos;
				SWIFT_ACTIVE_COMPILATION_CONDITIONS = DEBUG;
				SWIFT_OPTIMIZATION_LEVEL = "-Onone";
			};
			name = Debug;
		};
		2D028C3429853714000A04F5 /* Release */ = {
			isa = XCBuildConfiguration;
			buildSettings = {
				ALWAYS_SEARCH_USER_PATHS = NO;
				CLANG_ANALYZER_NONNULL = YES;
				CLANG_ANALYZER_NUMBER_OBJECT_CONVERSION = YES_AGGRESSIVE;
				CLANG_CXX_LANGUAGE_STANDARD = "gnu++20";
				CLANG_ENABLE_MODULES = YES;
				CLANG_ENABLE_OBJC_ARC = YES;
				CLANG_ENABLE_OBJC_WEAK = YES;
				CLANG_WARN_BLOCK_CAPTURE_AUTORELEASING = YES;
				CLANG_WARN_BOOL_CONVERSION = YES;
				CLANG_WARN_COMMA = YES;
				CLANG_WARN_CONSTANT_CONVERSION = YES;
				CLANG_WARN_DEPRECATED_OBJC_IMPLEMENTATIONS = YES;
				CLANG_WARN_DIRECT_OBJC_ISA_USAGE = YES_ERROR;
				CLANG_WARN_DOCUMENTATION_COMMENTS = YES;
				CLANG_WARN_EMPTY_BODY = YES;
				CLANG_WARN_ENUM_CONVERSION = YES;
				CLANG_WARN_INFINITE_RECURSION = YES;
				CLANG_WARN_INT_CONVERSION = YES;
				CLANG_WARN_NON_LITERAL_NULL_CONVERSION = YES;
				CLANG_WARN_OBJC_IMPLICIT_RETAIN_SELF = YES;
				CLANG_WARN_OBJC_LITERAL_CONVERSION = YES;
				CLANG_WARN_OBJC_ROOT_CLASS = YES_ERROR;
				CLANG_WARN_QUOTED_INCLUDE_IN_FRAMEWORK_HEADER = YES;
				CLANG_WARN_RANGE_LOOP_ANALYSIS = YES;
				CLANG_WARN_STRICT_PROTOTYPES = YES;
				CLANG_WARN_SUSPICIOUS_MOVE = YES;
				CLANG_WARN_UNGUARDED_AVAILABILITY = YES_AGGRESSIVE;
				CLANG_WARN_UNREACHABLE_CODE = YES;
				CLANG_WARN__DUPLICATE_METHOD_MATCH = YES;
				COPY_PHASE_STRIP = NO;
				DEBUG_INFORMATION_FORMAT = "dwarf-with-dsym";
				ENABLE_NS_ASSERTIONS = NO;
				ENABLE_STRICT_OBJC_MSGSEND = YES;
				GCC_C_LANGUAGE_STANDARD = gnu11;
				GCC_NO_COMMON_BLOCKS = YES;
				GCC_WARN_64_TO_32_BIT_CONVERSION = YES;
				GCC_WARN_ABOUT_RETURN_TYPE = YES_ERROR;
				GCC_WARN_UNDECLARED_SELECTOR = YES;
				GCC_WARN_UNINITIALIZED_AUTOS = YES_AGGRESSIVE;
				GCC_WARN_UNUSED_FUNCTION = YES;
				GCC_WARN_UNUSED_VARIABLE = YES;
				IPHONEOS_DEPLOYMENT_TARGET = 16.2;
				MTL_ENABLE_DEBUG_INFO = NO;
				MTL_FAST_MATH = YES;
				SDKROOT = iphoneos;
				SWIFT_COMPILATION_MODE = wholemodule;
				SWIFT_OPTIMIZATION_LEVEL = "-O";
				VALIDATE_PRODUCT = YES;
			};
			name = Release;
		};
		2D028C3629853714000A04F5 /* Debug */ = {
			isa = XCBuildConfiguration;
			buildSettings = {
				ASSETCATALOG_COMPILER_APPICON_NAME = AppIcon;
				ASSETCATALOG_COMPILER_GLOBAL_ACCENT_COLOR_NAME = AccentColor;
				CODE_SIGN_STYLE = Automatic;
				CURRENT_PROJECT_VERSION = 1;
				DEVELOPMENT_TEAM = 5A7TS9T6MV;
				GENERATE_INFOPLIST_FILE = YES;
				INFOPLIST_FILE = RickAndMorty/Info.plist;
				INFOPLIST_KEY_UIApplicationSupportsIndirectInputEvents = YES;
				INFOPLIST_KEY_UILaunchStoryboardName = LaunchScreen;
				INFOPLIST_KEY_UISupportedInterfaceOrientations_iPad = "UIInterfaceOrientationPortrait UIInterfaceOrientationPortraitUpsideDown UIInterfaceOrientationLandscapeLeft UIInterfaceOrientationLandscapeRight";
				INFOPLIST_KEY_UISupportedInterfaceOrientations_iPhone = "UIInterfaceOrientationPortrait UIInterfaceOrientationLandscapeLeft UIInterfaceOrientationLandscapeRight";
				LD_RUNPATH_SEARCH_PATHS = (
					"$(inherited)",
					"@executable_path/Frameworks",
				);
				MARKETING_VERSION = 1.0;
				PRODUCT_BUNDLE_IDENTIFIER = pl.function.reality.RickAndMorty;
				PRODUCT_NAME = "$(TARGET_NAME)";
				SWIFT_EMIT_LOC_STRINGS = YES;
				SWIFT_VERSION = 5.0;
				TARGETED_DEVICE_FAMILY = "1,2";
			};
			name = Debug;
		};
		2D028C3729853714000A04F5 /* Release */ = {
			isa = XCBuildConfiguration;
			buildSettings = {
				ASSETCATALOG_COMPILER_APPICON_NAME = AppIcon;
				ASSETCATALOG_COMPILER_GLOBAL_ACCENT_COLOR_NAME = AccentColor;
				CODE_SIGN_STYLE = Automatic;
				CURRENT_PROJECT_VERSION = 1;
				DEVELOPMENT_TEAM = 5A7TS9T6MV;
				GENERATE_INFOPLIST_FILE = YES;
				INFOPLIST_FILE = RickAndMorty/Info.plist;
				INFOPLIST_KEY_UIApplicationSupportsIndirectInputEvents = YES;
				INFOPLIST_KEY_UILaunchStoryboardName = LaunchScreen;
				INFOPLIST_KEY_UISupportedInterfaceOrientations_iPad = "UIInterfaceOrientationPortrait UIInterfaceOrientationPortraitUpsideDown UIInterfaceOrientationLandscapeLeft UIInterfaceOrientationLandscapeRight";
				INFOPLIST_KEY_UISupportedInterfaceOrientations_iPhone = "UIInterfaceOrientationPortrait UIInterfaceOrientationLandscapeLeft UIInterfaceOrientationLandscapeRight";
				LD_RUNPATH_SEARCH_PATHS = (
					"$(inherited)",
					"@executable_path/Frameworks",
				);
				MARKETING_VERSION = 1.0;
				PRODUCT_BUNDLE_IDENTIFIER = pl.function.reality.RickAndMorty;
				PRODUCT_NAME = "$(TARGET_NAME)";
				SWIFT_EMIT_LOC_STRINGS = YES;
				SWIFT_VERSION = 5.0;
				TARGETED_DEVICE_FAMILY = "1,2";
			};
			name = Release;
		};
/* End XCBuildConfiguration section */

/* Begin XCConfigurationList section */
		2D028C1C29853712000A04F5 /* Build configuration list for PBXProject "RickAndMorty" */ = {
			isa = XCConfigurationList;
			buildConfigurations = (
				2D028C3329853714000A04F5 /* Debug */,
				2D028C3429853714000A04F5 /* Release */,
			);
			defaultConfigurationIsVisible = 0;
			defaultConfigurationName = Release;
		};
		2D028C3529853714000A04F5 /* Build configuration list for PBXNativeTarget "RickAndMorty" */ = {
			isa = XCConfigurationList;
			buildConfigurations = (
				2D028C3629853714000A04F5 /* Debug */,
				2D028C3729853714000A04F5 /* Release */,
			);
			defaultConfigurationIsVisible = 0;
			defaultConfigurationName = Release;
		};
/* End XCConfigurationList section */
	};
	rootObject = 2D028C1929853712000A04F5 /* Project object */;
}
